
Microsoft Visual Studio Solution File, Format Version 12.00
# Visual Studio 15
VisualStudioVersion = 15.0.33026.149
MinimumVisualStudioVersion = 10.0.40219.1
Project("{2150E333-8FDC-42A3-9474-1A3956D46DE8}") = "Project", "Project", "{3457A2EA-DE4F-4D78-89B4-BB7B514777F3}"
EndProject
Project("{2150E333-8FDC-42A3-9474-1A3956D46DE8}") = "Foundation", "Foundation", "{DD0E8EBA-3730-466B-A33D-B8F92AF47ECB}"
EndProject
Project("{2150E333-8FDC-42A3-9474-1A3956D46DE8}") = "Feature", "Feature", "{A80EA73C-D66E-4BDE-BD13-E60A5D72F752}"
EndProject
Project("{2150E333-8FDC-42A3-9474-1A3956D46DE8}") = "Configuration", "Configuration", "{FFB10BC6-8692-4EF3-B632-8A9623A32A66}"
	ProjectSection(SolutionItems) = preProject
		gulp-config.js = gulp-config.js
		gulpfile.js = gulpfile.js
		package.json = package.json
	EndProjectSection
EndProject
Project("{2150E333-8FDC-42A3-9474-1A3956D46DE8}") = "SitecoreDev", "SitecoreDev", "{127ED127-E237-416E-BBB2-A0354F997AEC}"
EndProject
Project("{FAE04EC0-301F-11D3-BF4B-00C04F79EFBC}") = "SitecoreDev.Website", "SitecoreDev.Website\SitecoreDev.Website.csproj", "{84F58BC0-0063-4B4B-8451-E17B8C225509}"
EndProject
Project("{2150E333-8FDC-42A3-9474-1A3956D46DE8}") = "SitecoreExtensions", "SitecoreExtensions", "{131D8307-A3D4-4E81-B3C9-945AF6F6838B}"
EndProject
Project("{FAE04EC0-301F-11D3-BF4B-00C04F79EFBC}") = "SitecoreDev.Foundation.SitecoreExtensions", "SitecoreDev.Foundation.SitecoreExtensions\SitecoreDev.Foundation.SitecoreExtensions.csproj", "{4B153D71-CC27-4036-B393-46A42A5E4844}"
EndProject
Project("{2150E333-8FDC-42A3-9474-1A3956D46DE8}") = "Styling", "Styling", "{C2010C97-88B6-4CBD-A233-A875D1F81143}"
EndProject
Project("{FAE04EC0-301F-11D3-BF4B-00C04F79EFBC}") = "SitecoreDev.Foundation.Styles", "SitecoreDev.Foundation.Styles\SitecoreDev.Foundation.Styles.csproj", "{064ABEB1-4D7A-4E93-9F1A-2454B81A9B7E}"
EndProject
Project("{2150E333-8FDC-42A3-9474-1A3956D46DE8}") = "Media", "Media", "{A6174D0D-C632-4F1B-91E6-5B10CCB31F1E}"
EndProject
Project("{2150E333-8FDC-42A3-9474-1A3956D46DE8}") = "Articles", "Articles", "{E2DD3405-C1F7-4D1B-8040-43FB96F6A901}"
EndProject
Project("{FAE04EC0-301F-11D3-BF4B-00C04F79EFBC}") = "SitecoreDev.Feature.Articles", "SitecoreDev.Feature.Articles\SitecoreDev.Feature.Articles.csproj", "{C697AD8E-5D36-482E-BCF2-645A105C97F5}"
EndProject
Project("{FAE04EC0-301F-11D3-BF4B-00C04F79EFBC}") = "SitecoreDev.Feature.Media.Tests", "SitecoreDev.Feature.Media.Tests\SitecoreDev.Feature.Media.Tests.csproj", "{0FC6A817-6766-4245-8C60-9A0B14CAB9CD}"
EndProject
Project("{2150E333-8FDC-42A3-9474-1A3956D46DE8}") = "Model", "Model", "{F4695322-E261-46FC-99E3-50707FC860F1}"
EndProject
Project("{2150E333-8FDC-42A3-9474-1A3956D46DE8}") = "Repository", "Repository", "{BEBE75A9-E72C-47F7-B5BB-AA55D343138F}"
EndProject
Project("{2150E333-8FDC-42A3-9474-1A3956D46DE8}") = "ORM", "ORM", "{FC1FE4BB-0A6D-4524-AF01-DE913A6510D9}"
EndProject
Project("{FAE04EC0-301F-11D3-BF4B-00C04F79EFBC}") = "SitecoreDev.Foundation.Orm", "SitecoreDev.Foundation.Orm\SitecoreDev.Foundation.Orm.csproj", "{A1961331-4965-49F4-B834-5BE90EEDA2BB}"
EndProject
Project("{FAE04EC0-301F-11D3-BF4B-00C04F79EFBC}") = "SitecoreDev.Foundation.Model", "SitecoreDev.Foundation.Model\SitecoreDev.Foundation.Model.csproj", "{52098583-D749-428F-9AF6-62BA79F3A4FE}"
EndProject
Project("{FAE04EC0-301F-11D3-BF4B-00C04F79EFBC}") = "SitecoreDev.Foundation.Repository", "SitecoreDev.Foundation.Repository\SitecoreDev.Foundation.Repository.csproj", "{1868B005-D00C-423A-B58E-0C9489B8E4B3}"
EndProject
Project("{FAE04EC0-301F-11D3-BF4B-00C04F79EFBC}") = "Sitecore.Feature.Media", "Sitecore.Feature.Media\Sitecore.Feature.Media.csproj", "{A5D5D437-EF42-428E-93C9-784CCE2A501F}"
EndProject
Project("{2150E333-8FDC-42A3-9474-1A3956D46DE8}") = "Product", "Product", "{5BCA1262-16A7-4E20-8A24-E60E7E7A5A89}"
EndProject
Project("{2150E333-8FDC-42A3-9474-1A3956D46DE8}") = "Tasks", "Tasks", "{2D0FF0FF-02A0-46F8-8921-95B9A1502C49}"
EndProject
Global
	GlobalSection(SolutionConfigurationPlatforms) = preSolution
		Debug|Any CPU = Debug|Any CPU
		Release|Any CPU = Release|Any CPU
	EndGlobalSection
	GlobalSection(ProjectConfigurationPlatforms) = postSolution
		{84F58BC0-0063-4B4B-8451-E17B8C225509}.Debug|Any CPU.ActiveCfg = Debug|Any CPU
		{84F58BC0-0063-4B4B-8451-E17B8C225509}.Debug|Any CPU.Build.0 = Debug|Any CPU
		{84F58BC0-0063-4B4B-8451-E17B8C225509}.Release|Any CPU.ActiveCfg = Release|Any CPU
		{84F58BC0-0063-4B4B-8451-E17B8C225509}.Release|Any CPU.Build.0 = Release|Any CPU
		{4B153D71-CC27-4036-B393-46A42A5E4844}.Debug|Any CPU.ActiveCfg = Debug|Any CPU
		{4B153D71-CC27-4036-B393-46A42A5E4844}.Debug|Any CPU.Build.0 = Debug|Any CPU
		{4B153D71-CC27-4036-B393-46A42A5E4844}.Release|Any CPU.ActiveCfg = Release|Any CPU
		{4B153D71-CC27-4036-B393-46A42A5E4844}.Release|Any CPU.Build.0 = Release|Any CPU
		{064ABEB1-4D7A-4E93-9F1A-2454B81A9B7E}.Debug|Any CPU.ActiveCfg = Debug|Any CPU
		{064ABEB1-4D7A-4E93-9F1A-2454B81A9B7E}.Debug|Any CPU.Build.0 = Debug|Any CPU
		{064ABEB1-4D7A-4E93-9F1A-2454B81A9B7E}.Release|Any CPU.ActiveCfg = Release|Any CPU
		{064ABEB1-4D7A-4E93-9F1A-2454B81A9B7E}.Release|Any CPU.Build.0 = Release|Any CPU
		{C697AD8E-5D36-482E-BCF2-645A105C97F5}.Debug|Any CPU.ActiveCfg = Debug|Any CPU
		{C697AD8E-5D36-482E-BCF2-645A105C97F5}.Debug|Any CPU.Build.0 = Debug|Any CPU
		{C697AD8E-5D36-482E-BCF2-645A105C97F5}.Release|Any CPU.ActiveCfg = Release|Any CPU
		{C697AD8E-5D36-482E-BCF2-645A105C97F5}.Release|Any CPU.Build.0 = Release|Any CPU
		{0FC6A817-6766-4245-8C60-9A0B14CAB9CD}.Debug|Any CPU.ActiveCfg = Debug|Any CPU
		{0FC6A817-6766-4245-8C60-9A0B14CAB9CD}.Debug|Any CPU.Build.0 = Debug|Any CPU
		{0FC6A817-6766-4245-8C60-9A0B14CAB9CD}.Release|Any CPU.ActiveCfg = Release|Any CPU
		{0FC6A817-6766-4245-8C60-9A0B14CAB9CD}.Release|Any CPU.Build.0 = Release|Any CPU
		{A1961331-4965-49F4-B834-5BE90EEDA2BB}.Debug|Any CPU.ActiveCfg = Debug|Any CPU
		{A1961331-4965-49F4-B834-5BE90EEDA2BB}.Debug|Any CPU.Build.0 = Debug|Any CPU
		{A1961331-4965-49F4-B834-5BE90EEDA2BB}.Release|Any CPU.ActiveCfg = Release|Any CPU
		{A1961331-4965-49F4-B834-5BE90EEDA2BB}.Release|Any CPU.Build.0 = Release|Any CPU
		{52098583-D749-428F-9AF6-62BA79F3A4FE}.Debug|Any CPU.ActiveCfg = Debug|Any CPU
		{52098583-D749-428F-9AF6-62BA79F3A4FE}.Debug|Any CPU.Build.0 = Debug|Any CPU
		{52098583-D749-428F-9AF6-62BA79F3A4FE}.Release|Any CPU.ActiveCfg = Release|Any CPU
		{52098583-D749-428F-9AF6-62BA79F3A4FE}.Release|Any CPU.Build.0 = Release|Any CPU
		{1868B005-D00C-423A-B58E-0C9489B8E4B3}.Debug|Any CPU.ActiveCfg = Debug|Any CPU
		{1868B005-D00C-423A-B58E-0C9489B8E4B3}.Debug|Any CPU.Build.0 = Debug|Any CPU
		{1868B005-D00C-423A-B58E-0C9489B8E4B3}.Release|Any CPU.ActiveCfg = Release|Any CPU
		{1868B005-D00C-423A-B58E-0C9489B8E4B3}.Release|Any CPU.Build.0 = Release|Any CPU
		{A5D5D437-EF42-428E-93C9-784CCE2A501F}.Debug|Any CPU.ActiveCfg = Debug|Any CPU
		{A5D5D437-EF42-428E-93C9-784CCE2A501F}.Debug|Any CPU.Build.0 = Debug|Any CPU
		{A5D5D437-EF42-428E-93C9-784CCE2A501F}.Release|Any CPU.ActiveCfg = Release|Any CPU
		{A5D5D437-EF42-428E-93C9-784CCE2A501F}.Release|Any CPU.Build.0 = Release|Any CPU
	EndGlobalSection
	GlobalSection(SolutionProperties) = preSolution
		HideSolutionNode = FALSE
	EndGlobalSection
	GlobalSection(NestedProjects) = preSolution
		{127ED127-E237-416E-BBB2-A0354F997AEC} = {3457A2EA-DE4F-4D78-89B4-BB7B514777F3}
		{84F58BC0-0063-4B4B-8451-E17B8C225509} = {127ED127-E237-416E-BBB2-A0354F997AEC}
		{131D8307-A3D4-4E81-B3C9-945AF6F6838B} = {DD0E8EBA-3730-466B-A33D-B8F92AF47ECB}
		{4B153D71-CC27-4036-B393-46A42A5E4844} = {131D8307-A3D4-4E81-B3C9-945AF6F6838B}
		{C2010C97-88B6-4CBD-A233-A875D1F81143} = {DD0E8EBA-3730-466B-A33D-B8F92AF47ECB}
		{064ABEB1-4D7A-4E93-9F1A-2454B81A9B7E} = {C2010C97-88B6-4CBD-A233-A875D1F81143}
		{A6174D0D-C632-4F1B-91E6-5B10CCB31F1E} = {A80EA73C-D66E-4BDE-BD13-E60A5D72F752}
		{E2DD3405-C1F7-4D1B-8040-43FB96F6A901} = {A80EA73C-D66E-4BDE-BD13-E60A5D72F752}
		{C697AD8E-5D36-482E-BCF2-645A105C97F5} = {E2DD3405-C1F7-4D1B-8040-43FB96F6A901}
		{0FC6A817-6766-4245-8C60-9A0B14CAB9CD} = {A6174D0D-C632-4F1B-91E6-5B10CCB31F1E}
		{F4695322-E261-46FC-99E3-50707FC860F1} = {DD0E8EBA-3730-466B-A33D-B8F92AF47ECB}
		{BEBE75A9-E72C-47F7-B5BB-AA55D343138F} = {DD0E8EBA-3730-466B-A33D-B8F92AF47ECB}
		{FC1FE4BB-0A6D-4524-AF01-DE913A6510D9} = {DD0E8EBA-3730-466B-A33D-B8F92AF47ECB}
		{A1961331-4965-49F4-B834-5BE90EEDA2BB} = {FC1FE4BB-0A6D-4524-AF01-DE913A6510D9}
		{52098583-D749-428F-9AF6-62BA79F3A4FE} = {F4695322-E261-46FC-99E3-50707FC860F1}
		{1868B005-D00C-423A-B58E-0C9489B8E4B3} = {BEBE75A9-E72C-47F7-B5BB-AA55D343138F}
		{A5D5D437-EF42-428E-93C9-784CCE2A501F} = {A6174D0D-C632-4F1B-91E6-5B10CCB31F1E}
		{5BCA1262-16A7-4E20-8A24-E60E7E7A5A89} = {A80EA73C-D66E-4BDE-BD13-E60A5D72F752}
		{2D0FF0FF-02A0-46F8-8921-95B9A1502C49} = {A80EA73C-D66E-4BDE-BD13-E60A5D72F752}
	EndGlobalSection
	GlobalSection(ExtensibilityGlobals) = postSolution
		SolutionGuid = {7C1F5463-7D0E-4388-A4E8-0C880A48679D}
	EndGlobalSection
EndGlobal
